
Microsoft Visual Studio Solution File, Format Version 12.00
# Visual Studio Version 16
VisualStudioVersion = 16.0.30011.22
MinimumVisualStudioVersion = 10.0.40219.1
Project("{9A19103F-16F7-4668-BE54-9A1E7A4F7556}") = "GrandEventCentral.Server", "GrandEventCentral\Server\GrandEventCentral.Server.csproj", "{C777D660-76D1-44F3-8047-66B3CDE8D036}"
EndProject
Project("{9A19103F-16F7-4668-BE54-9A1E7A4F7556}") = "GrandEventCentral.Client", "GrandEventCentral\Client\GrandEventCentral.Client.csproj", "{9AE27453-7C1D-48C9-95F6-3C7AC4C0FDDB}"
EndProject
Project("{9A19103F-16F7-4668-BE54-9A1E7A4F7556}") = "GrandEventCentral.Shared", "GrandEventCentral\Shared\GrandEventCentral.Shared.csproj", "{E02D406F-79A6-4066-90E7-645A24944CA8}"
EndProject
Project("{2150E333-8FDC-42A3-9474-1A3956D46DE8}") = "Solution Items", "Solution Items", "{1CCC2B1C-9EE6-4125-86D5-EFF50548EC21}"
	ProjectSection(SolutionItems) = preProject
		.gitattributes = .gitattributes
		.gitignore = .gitignore
		offline-list-generator.ps1 = offline-list-generator.ps1
		README.md = README.md
	EndProjectSection
EndProject
Project("{9A19103F-16F7-4668-BE54-9A1E7A4F7556}") = "GrandEventCentral.Test", "GrandEventCentral\Tests\GrandEventCentral.Test.csproj", "{7EB8AC13-0505-4DF4-9920-7A7A6213ACC8}"
EndProject
Project("{9A19103F-16F7-4668-BE54-9A1E7A4F7556}") = "Microsoft.AspNetCore.Components.Testing", "GrandEventCentral\Microsoft.AspNetCore.Components.Testing\Microsoft.AspNetCore.Components.Testing.csproj", "{9699FA7D-6688-42E6-AC37-F022301CE5A0}"
EndProject
Global
	GlobalSection(SolutionConfigurationPlatforms) = preSolution
		Debug|Any CPU = Debug|Any CPU
		Release|Any CPU = Release|Any CPU
	EndGlobalSection
	GlobalSection(ProjectConfigurationPlatforms) = postSolution
		{C777D660-76D1-44F3-8047-66B3CDE8D036}.Debug|Any CPU.ActiveCfg = Debug|Any CPU
		{C777D660-76D1-44F3-8047-66B3CDE8D036}.Debug|Any CPU.Build.0 = Debug|Any CPU
		{C777D660-76D1-44F3-8047-66B3CDE8D036}.Release|Any CPU.ActiveCfg = Release|Any CPU
		{C777D660-76D1-44F3-8047-66B3CDE8D036}.Release|Any CPU.Build.0 = Release|Any CPU
		{9AE27453-7C1D-48C9-95F6-3C7AC4C0FDDB}.Debug|Any CPU.ActiveCfg = Debug|Any CPU
		{9AE27453-7C1D-48C9-95F6-3C7AC4C0FDDB}.Debug|Any CPU.Build.0 = Debug|Any CPU
		{9AE27453-7C1D-48C9-95F6-3C7AC4C0FDDB}.Release|Any CPU.ActiveCfg = Release|Any CPU
		{9AE27453-7C1D-48C9-95F6-3C7AC4C0FDDB}.Release|Any CPU.Build.0 = Release|Any CPU
		{E02D406F-79A6-4066-90E7-645A24944CA8}.Debug|Any CPU.ActiveCfg = Debug|Any CPU
		{E02D406F-79A6-4066-90E7-645A24944CA8}.Debug|Any CPU.Build.0 = Debug|Any CPU
		{E02D406F-79A6-4066-90E7-645A24944CA8}.Release|Any CPU.ActiveCfg = Release|Any CPU
		{E02D406F-79A6-4066-90E7-645A24944CA8}.Release|Any CPU.Build.0 = Release|Any CPU
		{7EB8AC13-0505-4DF4-9920-7A7A6213ACC8}.Debug|Any CPU.ActiveCfg = Debug|Any CPU
		{7EB8AC13-0505-4DF4-9920-7A7A6213ACC8}.Debug|Any CPU.Build.0 = Debug|Any CPU
		{7EB8AC13-0505-4DF4-9920-7A7A6213ACC8}.Release|Any CPU.ActiveCfg = Release|Any CPU
		{7EB8AC13-0505-4DF4-9920-7A7A6213ACC8}.Release|Any CPU.Build.0 = Release|Any CPU
		{9699FA7D-6688-42E6-AC37-F022301CE5A0}.Debug|Any CPU.ActiveCfg = Debug|Any CPU
		{9699FA7D-6688-42E6-AC37-F022301CE5A0}.Debug|Any CPU.Build.0 = Debug|Any CPU
		{9699FA7D-6688-42E6-AC37-F022301CE5A0}.Release|Any CPU.ActiveCfg = Release|Any CPU
		{9699FA7D-6688-42E6-AC37-F022301CE5A0}.Release|Any CPU.Build.0 = Release|Any CPU
	EndGlobalSection
	GlobalSection(SolutionProperties) = preSolution
		HideSolutionNode = FALSE
	EndGlobalSection
	GlobalSection(ExtensibilityGlobals) = postSolution
		SolutionGuid = {7C2B49A0-E919-4C47-ABEB-970B0529E797}
	EndGlobalSection
EndGlobal
